
Microsoft Visual Studio Solution File, Format Version 12.00
# Visual Studio Version 17
VisualStudioVersion = 17.9.34728.123
MinimumVisualStudioVersion = 10.0.40219.1
Project("{FAE04EC0-301F-11D3-BF4B-00C04F79EFBC}") = "Platformer", "Platformer\Platformer.csproj", "{4ECDB533-0A45-40DC-BFC1-77321E744FD5}"
EndProject
Global
	GlobalSection(SolutionConfigurationPlatforms) = preSolution
		Debug|Any CPU = Debug|Any CPU
		Release|Any CPU = Release|Any CPU
	EndGlobalSection
	GlobalSection(ProjectConfigurationPlatforms) = postSolution
		{4ECDB533-0A45-40DC-BFC1-77321E744FD5}.Debug|Any CPU.ActiveCfg = Debug|Any CPU
		{4ECDB533-0A45-40DC-BFC1-77321E744FD5}.Debug|Any CPU.Build.0 = Debug|Any CPU
		{4ECDB533-0A45-40DC-BFC1-77321E744FD5}.Release|Any CPU.ActiveCfg = Release|Any CPU
		{4ECDB533-0A45-40DC-BFC1-77321E744FD5}.Release|Any CPU.Build.0 = Release|Any CPU
	EndGlobalSection
	GlobalSection(SolutionProperties) = preSolution
		HideSolutionNode = FALSE
	EndGlobalSection
	GlobalSection(ExtensibilityGlobals) = postSolution
		SolutionGuid = {0FCF34D9-560C-4DE9-AD27-85727088CFBF}
	EndGlobalSection
EndGlobal
